
Microsoft Visual Studio Solution File, Format Version 12.00
# Visual Studio 15
VisualStudioVersion = 15.0.28010.2041
MinimumVisualStudioVersion = 10.0.40219.1
Project("{FAE04EC0-301F-11D3-BF4B-00C04F79EFBC}") = "SpaceGameSignalRDemo", "SpaceGameSignalRDemo\SpaceGameSignalRDemo.csproj", "{11492392-6912-4C90-92C3-082E6276903B}"
EndProject
Global
	GlobalSection(SolutionConfigurationPlatforms) = preSolution
		Debug|Any CPU = Debug|Any CPU
		Release|Any CPU = Release|Any CPU
	EndGlobalSection
	GlobalSection(ProjectConfigurationPlatforms) = postSolution
		{11492392-6912-4C90-92C3-082E6276903B}.Debug|Any CPU.ActiveCfg = Debug|Any CPU
		{11492392-6912-4C90-92C3-082E6276903B}.Debug|Any CPU.Build.0 = Debug|Any CPU
		{11492392-6912-4C90-92C3-082E6276903B}.Release|Any CPU.ActiveCfg = Release|Any CPU
		{11492392-6912-4C90-92C3-082E6276903B}.Release|Any CPU.Build.0 = Release|Any CPU
	EndGlobalSection
	GlobalSection(SolutionProperties) = preSolution
		HideSolutionNode = FALSE
	EndGlobalSection
	GlobalSection(ExtensibilityGlobals) = postSolution
		SolutionGuid = {9626CB9A-94DA-45C5-A234-98A541A783D9}
	EndGlobalSection
EndGlobal
